
Microsoft Visual Studio Solution File, Format Version 12.00
# Visual Studio 15
VisualStudioVersion = 15.0.27703.2042
MinimumVisualStudioVersion = 10.0.40219.1
Project("{FAE04EC0-301F-11D3-BF4B-00C04F79EFBC}") = "Reconciliation", "Reconciliation\Reconciliation.csproj", "{26C4EA45-D4AD-4158-9F0D-ABA3AB752324}"
EndProject
Project("{FAE04EC0-301F-11D3-BF4B-00C04F79EFBC}") = "BD.DAL", "BD.DAL\BD.DAL.csproj", "{FB648EB9-0454-4096-9876-54699D4A14A3}"
EndProject
Global
	GlobalSection(SolutionConfigurationPlatforms) = preSolution
		Debug|Any CPU = Debug|Any CPU
		Release|Any CPU = Release|Any CPU
	EndGlobalSection
	GlobalSection(ProjectConfigurationPlatforms) = postSolution
		{26C4EA45-D4AD-4158-9F0D-ABA3AB752324}.Debug|Any CPU.ActiveCfg = Debug|Any CPU
		{26C4EA45-D4AD-4158-9F0D-ABA3AB752324}.Debug|Any CPU.Build.0 = Debug|Any CPU
		{26C4EA45-D4AD-4158-9F0D-ABA3AB752324}.Release|Any CPU.ActiveCfg = Release|Any CPU
		{26C4EA45-D4AD-4158-9F0D-ABA3AB752324}.Release|Any CPU.Build.0 = Release|Any CPU
		{FB648EB9-0454-4096-9876-54699D4A14A3}.Debug|Any CPU.ActiveCfg = Debug|Any CPU
		{FB648EB9-0454-4096-9876-54699D4A14A3}.Debug|Any CPU.Build.0 = Debug|Any CPU
		{FB648EB9-0454-4096-9876-54699D4A14A3}.Release|Any CPU.ActiveCfg = Release|Any CPU
		{FB648EB9-0454-4096-9876-54699D4A14A3}.Release|Any CPU.Build.0 = Release|Any CPU
	EndGlobalSection
	GlobalSection(SolutionProperties) = preSolution
		HideSolutionNode = FALSE
	EndGlobalSection
	GlobalSection(ExtensibilityGlobals) = postSolution
		SolutionGuid = {80AB5C67-D6D7-4A64-AA00-4F60CCE1FA40}
	EndGlobalSection
EndGlobal
